{
  "requires": true,
  "lockfileVersion": 1,
  "dependencies": {
    "chai-fetch-mock": {
      "version": "2.0.0",
      "resolved": "https://registry.npmjs.org/chai-fetch-mock/-/chai-fetch-mock-2.0.0.tgz",
      "integrity": "sha512-S+ibhwg/xwp+1YFUNUQz4FYVBBXedOCZA4DT2cnWxpNDgxyFVojhhjdpBiu4siqF6tKtA0GrmXPaYI2whebu6A==",
      "dev": true
    }
  }
}
